
Microsoft Visual Studio Solution File, Format Version 12.00
# Visual Studio Version 17
VisualStudioVersion = 17.1.32421.90
MinimumVisualStudioVersion = 10.0.40219.1
Project("{FAE04EC0-301F-11D3-BF4B-00C04F79EFBC}") = "MoviesAPI", "MoviesAPI\MoviesAPI.csproj", "{C8B8BCFE-7C3D-4149-AFDC-4CA28B6F6D79}"
EndProject
Project("{FAE04EC0-301F-11D3-BF4B-00C04F79EFBC}") = "MovieAPITests", "MovieAPITests\MovieAPITests.csproj", "{453B34B4-E1F2-42F8-8BEB-BE498747D438}"
EndProject
Global
	GlobalSection(SolutionConfigurationPlatforms) = preSolution
		Debug|Any CPU = Debug|Any CPU
		Release|Any CPU = Release|Any CPU
	EndGlobalSection
	GlobalSection(ProjectConfigurationPlatforms) = postSolution
		{C8B8BCFE-7C3D-4149-AFDC-4CA28B6F6D79}.Debug|Any CPU.ActiveCfg = Debug|Any CPU
		{C8B8BCFE-7C3D-4149-AFDC-4CA28B6F6D79}.Debug|Any CPU.Build.0 = Debug|Any CPU
		{C8B8BCFE-7C3D-4149-AFDC-4CA28B6F6D79}.Release|Any CPU.ActiveCfg = Release|Any CPU
		{C8B8BCFE-7C3D-4149-AFDC-4CA28B6F6D79}.Release|Any CPU.Build.0 = Release|Any CPU
		{453B34B4-E1F2-42F8-8BEB-BE498747D438}.Debug|Any CPU.ActiveCfg = Debug|Any CPU
		{453B34B4-E1F2-42F8-8BEB-BE498747D438}.Debug|Any CPU.Build.0 = Debug|Any CPU
		{453B34B4-E1F2-42F8-8BEB-BE498747D438}.Release|Any CPU.ActiveCfg = Release|Any CPU
		{453B34B4-E1F2-42F8-8BEB-BE498747D438}.Release|Any CPU.Build.0 = Release|Any CPU
	EndGlobalSection
	GlobalSection(SolutionProperties) = preSolution
		HideSolutionNode = FALSE
	EndGlobalSection
	GlobalSection(ExtensibilityGlobals) = postSolution
		SolutionGuid = {C0661B99-C494-433D-842B-E83E918D81AC}
	EndGlobalSection
EndGlobal
